
Microsoft Visual Studio Solution File, Format Version 12.00
# Visual Studio Version 17
VisualStudioVersion = 17.2.32630.192
MinimumVisualStudioVersion = 10.0.40219.1
Project("{FAE04EC0-301F-11D3-BF4B-00C04F79EFBC}") = "ProductosBFF", "ProductosBFF\ProductosBFF.csproj", "{DAA9165A-5043-43C5-B317-D23E2E97B0D7}"
EndProject
Project("{FAE04EC0-301F-11D3-BF4B-00C04F79EFBC}") = "ProductosBFFTests", "ProductosBFFTests\ProductosBFFTests.csproj", "{CDAAEA7D-9452-44B6-90B3-599403AAF616}"
EndProject
Global
	GlobalSection(SolutionConfigurationPlatforms) = preSolution
		Debug|Any CPU = Debug|Any CPU
		Release|Any CPU = Release|Any CPU
	EndGlobalSection
	GlobalSection(ProjectConfigurationPlatforms) = postSolution
		{DAA9165A-5043-43C5-B317-D23E2E97B0D7}.Debug|Any CPU.ActiveCfg = Debug|Any CPU
		{DAA9165A-5043-43C5-B317-D23E2E97B0D7}.Debug|Any CPU.Build.0 = Debug|Any CPU
		{DAA9165A-5043-43C5-B317-D23E2E97B0D7}.Release|Any CPU.ActiveCfg = Release|Any CPU
		{DAA9165A-5043-43C5-B317-D23E2E97B0D7}.Release|Any CPU.Build.0 = Release|Any CPU
		{CDAAEA7D-9452-44B6-90B3-599403AAF616}.Debug|Any CPU.ActiveCfg = Debug|Any CPU
		{CDAAEA7D-9452-44B6-90B3-599403AAF616}.Debug|Any CPU.Build.0 = Debug|Any CPU
		{CDAAEA7D-9452-44B6-90B3-599403AAF616}.Release|Any CPU.ActiveCfg = Release|Any CPU
		{CDAAEA7D-9452-44B6-90B3-599403AAF616}.Release|Any CPU.Build.0 = Release|Any CPU
	EndGlobalSection
	GlobalSection(SolutionProperties) = preSolution
		HideSolutionNode = FALSE
	EndGlobalSection
	GlobalSection(ExtensibilityGlobals) = postSolution
		SolutionGuid = {BB9B03DF-51E9-4238-91FB-E6F1C5C55120}
	EndGlobalSection
EndGlobal
